// !$*UTF8*$!
{
	archiveVersion = 1;
	classes = {
	};
	objectVersion = 46;
	objects = {

/* Begin PBXBuildFile section */
		368F3FD515B69A2E004084E7 /* background.mp3 in Resources */ = {isa = PBXBuildFile; fileRef = 368F3FD415B69A2E004084E7 /* background.mp3 */; };
		368F400615B69BB0004084E7 /* 3-10-Cat-768.jpg in Resources */ = {isa = PBXBuildFile; fileRef = 368F3FD715B69BB0004084E7 /* 3-10-Cat-768.jpg */; };
		368F400715B69BB0004084E7 /* 3-10-Wigglebottom-768.jpg in Resources */ = {isa = PBXBuildFile; fileRef = 368F3FD815B69BB0004084E7 /* 3-10-Wigglebottom-768.jpg */; };
		368F400815B69BB0004084E7 /* 3-5-BabySeal-768.jpg in Resources */ = {isa = PBXBuildFile; fileRef = 368F3FD915B69BB0004084E7 /* 3-5-BabySeal-768.jpg */; };
		368F400915B69BB0004084E7 /* 3-5-Bunny-768.jpg in Resources */ = {isa = PBXBuildFile; fileRef = 368F3FDA15B69BB0004084E7 /* 3-5-Bunny-768.jpg */; };
		368F400A15B69BB0004084E7 /* 3-5-Bunny2-768.jpg in Resources */ = {isa = PBXBuildFile; fileRef = 368F3FDB15B69BB0004084E7 /* 3-5-Bunny2-768.jpg */; };
		368F400B15B69BB0004084E7 /* 3-5-Bunny3-768.jpg in Resources */ = {isa = PBXBuildFile; fileRef = 368F3FDC15B69BB0004084E7 /* 3-5-Bunny3-768.jpg */; };
		368F400C15B69BB0004084E7 /* 3-5-Duck-768.jpg in Resources */ = {isa = PBXBuildFile; fileRef = 368F3FDD15B69BB0004084E7 /* 3-5-Duck-768.jpg */; };
		368F400D15B69BB0004084E7 /* 3-5-Goat-768.jpg in Resources */ = {isa = PBXBuildFile; fileRef = 368F3FDE15B69BB0004084E7 /* 3-5-Goat-768.jpg */; };
		368F400E15B69BB0004084E7 /* 3-5-Goat2-768.jpg in Resources */ = {isa = PBXBuildFile; fileRef = 368F3FDF15B69BB0004084E7 /* 3-5-Goat2-768.jpg */; };
		368F400F15B69BB0004084E7 /* 3-5-goat3-768.jpg in Resources */ = {isa = PBXBuildFile; fileRef = 368F3FE015B69BB0004084E7 /* 3-5-goat3-768.jpg */; };
		368F401015B69BB0004084E7 /* 3-5-Husky-768.jpg in Resources */ = {isa = PBXBuildFile; fileRef = 368F3FE115B69BB0004084E7 /* 3-5-Husky-768.jpg */; };
		368F401115B69BB0004084E7 /* 3-5-InoEyes-768.jpg in Resources */ = {isa = PBXBuildFile; fileRef = 368F3FE215B69BB0004084E7 /* 3-5-InoEyes-768.jpg */; };
		368F401215B69BB0004084E7 /* 3-5-Sammy-768.jpg in Resources */ = {isa = PBXBuildFile; fileRef = 368F3FE315B69BB0004084E7 /* 3-5-Sammy-768.jpg */; };
		368F401315B69BB0004084E7 /* 3-5-Wolf-768.jpg in Resources */ = {isa = PBXBuildFile; fileRef = 368F3FE415B69BB0004084E7 /* 3-5-Wolf-768.jpg */; };
		368F401415B69BB0004084E7 /* 3-7-DogBlue-768.jpg in Resources */ = {isa = PBXBuildFile; fileRef = 368F3FE515B69BB0004084E7 /* 3-7-DogBlue-768.jpg */; };
		368F401515B69BB0004084E7 /* 3-7-DogFace-768.jpg in Resources */ = {isa = PBXBuildFile; fileRef = 368F3FE615B69BB0004084E7 /* 3-7-DogFace-768.jpg */; };
		368F401615B69BB0004084E7 /* 3-7-Dolphin-768.jpg in Resources */ = {isa = PBXBuildFile; fileRef = 368F3FE715B69BB0004084E7 /* 3-7-Dolphin-768.jpg */; };
		368F401715B69BB0004084E7 /* 3-7-Fox-768.jpg in Resources */ = {isa = PBXBuildFile; fileRef = 368F3FE815B69BB0004084E7 /* 3-7-Fox-768.jpg */; };
		368F401815B69BB0004084E7 /* 3-7-GoatSky-768.jpg in Resources */ = {isa = PBXBuildFile; fileRef = 368F3FE915B69BB0004084E7 /* 3-7-GoatSky-768.jpg */; };
		368F401915B69BB0004084E7 /* 3-7-Sealsfaces-768.jpg in Resources */ = {isa = PBXBuildFile; fileRef = 368F3FEA15B69BB0004084E7 /* 3-7-Sealsfaces-768.jpg */; };
		368F401A15B69BB0004084E7 /* 3-7-SoftFlower-768.jpg in Resources */ = {isa = PBXBuildFile; fileRef = 368F3FEB15B69BB0004084E7 /* 3-7-SoftFlower-768.jpg */; };
		368F401B15B69BB0004084E7 /* 6-10-Dogrunning-768.jpg in Resources */ = {isa = PBXBuildFile; fileRef = 368F3FEC15B69BB0004084E7 /* 6-10-Dogrunning-768.jpg */; };
		368F401C15B69BB0004084E7 /* 6-7-BillyG-768.jpg in Resources */ = {isa = PBXBuildFile; fileRef = 368F3FED15B69BB0004084E7 /* 6-7-BillyG-768.jpg */; };
		368F401D15B69BB0004084E7 /* 6-7-BoyDog-768.jpg in Resources */ = {isa = PBXBuildFile; fileRef = 368F3FEE15B69BB0004084E7 /* 6-7-BoyDog-768.jpg */; };
		368F401E15B69BB0004084E7 /* 6-7-DogBall-768.jpg in Resources */ = {isa = PBXBuildFile; fileRef = 368F3FEF15B69BB0004084E7 /* 6-7-DogBall-768.jpg */; };
		368F401F15B69BB0004084E7 /* 6-7-Redseal-768.jpg in Resources */ = {isa = PBXBuildFile; fileRef = 368F3FF015B69BB0004084E7 /* 6-7-Redseal-768.jpg */; };
		368F402015B69BB0004084E7 /* 6-7-rooster-768.jpg in Resources */ = {isa = PBXBuildFile; fileRef = 368F3FF115B69BB0004084E7 /* 6-7-rooster-768.jpg */; };
		368F402115B69BB0004084E7 /* 6-7-Seal-768.jpg in Resources */ = {isa = PBXBuildFile; fileRef = 368F3FF215B69BB0004084E7 /* 6-7-Seal-768.jpg */; };
		368F402215B69BB0004084E7 /* 6-7-White-768.jpg in Resources */ = {isa = PBXBuildFile; fileRef = 368F3FF315B69BB0004084E7 /* 6-7-White-768.jpg */; };
		368F402315B69BB0004084E7 /* 8-10-Barking-seals-768.jpg in Resources */ = {isa = PBXBuildFile; fileRef = 368F3FF415B69BB0004084E7 /* 8-10-Barking-seals-768.jpg */; };
		368F402415B69BB0004084E7 /* 8-10-Bied4-768.jpg in Resources */ = {isa = PBXBuildFile; fileRef = 368F3FF515B69BB0004084E7 /* 8-10-Bied4-768.jpg */; };
		368F402515B69BB0004084E7 /* 8-10-Bird-768.jpg in Resources */ = {isa = PBXBuildFile; fileRef = 368F3FF615B69BB0004084E7 /* 8-10-Bird-768.jpg */; };
		368F402615B69BB0004084E7 /* 8-10-Crab-768.jpg in Resources */ = {isa = PBXBuildFile; fileRef = 368F3FF715B69BB0004084E7 /* 8-10-Crab-768.jpg */; };
		368F402715B69BB0004084E7 /* 8-10-Horse-768.jpg in Resources */ = {isa = PBXBuildFile; fileRef = 368F3FF815B69BB0004084E7 /* 8-10-Horse-768.jpg */; };
		368F402815B69BB0004084E7 /* 8-10-horse2-768.jpg in Resources */ = {isa = PBXBuildFile; fileRef = 368F3FF915B69BB0004084E7 /* 8-10-horse2-768.jpg */; };
		368F402915B69BB0004084E7 /* 8-10-horse3-768.jpg in Resources */ = {isa = PBXBuildFile; fileRef = 368F3FFA15B69BB0004084E7 /* 8-10-horse3-768.jpg */; };
		368F402A15B69BB0004084E7 /* 8-10-horse4-768.jpg in Resources */ = {isa = PBXBuildFile; fileRef = 368F3FFB15B69BB0004084E7 /* 8-10-horse4-768.jpg */; };
		368F402B15B69BB0004084E7 /* 8-10-Hummingbird-768.jpg in Resources */ = {isa = PBXBuildFile; fileRef = 368F3FFC15B69BB0004084E7 /* 8-10-Hummingbird-768.jpg */; };
		368F402C15B69BB0004084E7 /* 8-10-Lab-768.jpg in Resources */ = {isa = PBXBuildFile; fileRef = 368F3FFD15B69BB0004084E7 /* 8-10-Lab-768.jpg */; };
		368F402D15B69BB0004084E7 /* 8-10-Lion-768.jpg in Resources */ = {isa = PBXBuildFile; fileRef = 368F3FFE15B69BB0004084E7 /* 8-10-Lion-768.jpg */; };
		368F402E15B69BB0004084E7 /* 8-10-OrangeDog-768.jpg in Resources */ = {isa = PBXBuildFile; fileRef = 368F3FFF15B69BB0004084E7 /* 8-10-OrangeDog-768.jpg */; };
		368F402F15B69BB0004084E7 /* 8-10-Purple-768.jpg in Resources */ = {isa = PBXBuildFile; fileRef = 368F400015B69BB0004084E7 /* 8-10-Purple-768.jpg */; };
		368F403015B69BB0004084E7 /* 8-10-River-768.jpg in Resources */ = {isa = PBXBuildFile; fileRef = 368F400115B69BB0004084E7 /* 8-10-River-768.jpg */; };
		368F403115B69BB0004084E7 /* 8-10-Sailboat-768.jpg in Resources */ = {isa = PBXBuildFile; fileRef = 368F400215B69BB0004084E7 /* 8-10-Sailboat-768.jpg */; };
		368F403215B69BB0004084E7 /* 8-10-Spi-768.jpg in Resources */ = {isa = PBXBuildFile; fileRef = 368F400315B69BB0004084E7 /* 8-10-Spi-768.jpg */; };
		368F403315B69BB0004084E7 /* 8-10-Swans-768.jpg in Resources */ = {isa = PBXBuildFile; fileRef = 368F400415B69BB0004084E7 /* 8-10-Swans-768.jpg */; };
		368F403415B69BB0004084E7 /* 8-10-Yak-768.jpg in Resources */ = {isa = PBXBuildFile; fileRef = 368F400515B69BB0004084E7 /* 8-10-Yak-768.jpg */; };
		5208DB7215A7733C00052CB3 /* TimeoutBuddy.storyboard in Resources */ = {isa = PBXBuildFile; fileRef = 5208DB7115A7733C00052CB3 /* TimeoutBuddy.storyboard */; };
		5208DB7615A77F3B00052CB3 /* TOSetupController.m in Sources */ = {isa = PBXBuildFile; fileRef = 5208DB7415A77F3B00052CB3 /* TOSetupController.m */; };
		5208DB7C15A77F8D00052CB3 /* TOMainController.m in Sources */ = {isa = PBXBuildFile; fileRef = 5208DB7A15A77F8D00052CB3 /* TOMainController.m */; };
		520FA6ED15B88D8A0071B597 /* applause.wav in Resources */ = {isa = PBXBuildFile; fileRef = 520FA6EA15B88D8A0071B597 /* applause.wav */; };
		520FA6EE15B88D8A0071B597 /* clearthroat.wav in Resources */ = {isa = PBXBuildFile; fileRef = 520FA6EB15B88D8A0071B597 /* clearthroat.wav */; };
		520FA6F115B88DF40071B597 /* comeon.wav in Resources */ = {isa = PBXBuildFile; fileRef = 520FA6F015B88DF40071B597 /* comeon.wav */; };
		521E9CE915AC894700F65D39 /* TimeoutBuddy-iPad.storyboard in Resources */ = {isa = PBXBuildFile; fileRef = 521E9CE815AC894700F65D39 /* TimeoutBuddy-iPad.storyboard */; };
		5236BAC415B0905800FC6985 /* NSArray+TOAdditions.m in Sources */ = {isa = PBXBuildFile; fileRef = 5236BAC315B0905800FC6985 /* NSArray+TOAdditions.m */; };
		524EA32115AB6D8B00FCCCB1 /* Icon.png in Resources */ = {isa = PBXBuildFile; fileRef = 524EA31F15AB6D8B00FCCCB1 /* Icon.png */; };
		524EA32215AB6D8B00FCCCB1 /* Icon@2x.png in Resources */ = {isa = PBXBuildFile; fileRef = 524EA32015AB6D8B00FCCCB1 /* Icon@2x.png */; };
		524EA32715AB6E4600FCCCB1 /* transparent_logo_small.png in Resources */ = {isa = PBXBuildFile; fileRef = 524EA32615AB6E4600FCCCB1 /* transparent_logo_small.png */; };
		524EA32E15AB6F6B00FCCCB1 /* GradientButton.m in Sources */ = {isa = PBXBuildFile; fileRef = 524EA32D15AB6F6B00FCCCB1 /* GradientButton.m */; };
		524EA33015AB7E6C00FCCCB1 /* setup_background.png in Resources */ = {isa = PBXBuildFile; fileRef = 524EA32F15AB7E6C00FCCCB1 /* setup_background.png */; };
		524EA33315AB81BB00FCCCB1 /* go.png in Resources */ = {isa = PBXBuildFile; fileRef = 524EA33115AB81BB00FCCCB1 /* go.png */; };
		524EA33415AB81BB00FCCCB1 /* stop.png in Resources */ = {isa = PBXBuildFile; fileRef = 524EA33215AB81BB00FCCCB1 /* stop.png */; };
		52594A6815AF992F0014BF86 /* home-ipad.jpg in Resources */ = {isa = PBXBuildFile; fileRef = 52594A6415AF992F0014BF86 /* home-ipad.jpg */; };
		52594A6915AF992F0014BF86 /* home-ipad@2x.jpg in Resources */ = {isa = PBXBuildFile; fileRef = 52594A6515AF992F0014BF86 /* home-ipad@2x.jpg */; };
		52594A6A15AF992F0014BF86 /* home.jpg in Resources */ = {isa = PBXBuildFile; fileRef = 52594A6615AF992F0014BF86 /* home.jpg */; };
		52594A6B15AF992F0014BF86 /* home@2x.jpg in Resources */ = {isa = PBXBuildFile; fileRef = 52594A6715AF992F0014BF86 /* home@2x.jpg */; };
		52823E7B15B44D8A00E58978 /* images.plist in Resources */ = {isa = PBXBuildFile; fileRef = 52823E7A15B44D8A00E58978 /* images.plist */; };
		5295ECEA15AF9A94008F7670 /* transparent_logo.png in Resources */ = {isa = PBXBuildFile; fileRef = 5295ECE915AF9A94008F7670 /* transparent_logo.png */; };
		5295ED9615B078B9008F7670 /* colors.plist in Resources */ = {isa = PBXBuildFile; fileRef = 5295ED9515B078B9008F7670 /* colors.plist */; };
		529914F815A78A010035B896 /* TOAgePickerView.m in Sources */ = {isa = PBXBuildFile; fileRef = 529914F715A78A010035B896 /* TOAgePickerView.m */; };
		5299150015A7A7690035B896 /* TOSlideManager.m in Sources */ = {isa = PBXBuildFile; fileRef = 529914FF15A7A7690035B896 /* TOSlideManager.m */; };
		5299150315A7A9980035B896 /* TOSlide.m in Sources */ = {isa = PBXBuildFile; fileRef = 5299150215A7A9980035B896 /* TOSlide.m */; };
		5299152115A7BC2F0035B896 /* AVFoundation.framework in Frameworks */ = {isa = PBXBuildFile; fileRef = 5299152015A7BC2F0035B896 /* AVFoundation.framework */; };
		5299152815A7BEB80035B896 /* AVAudioPlayer+PGFade.m in Sources */ = {isa = PBXBuildFile; fileRef = 5299152715A7BEB80035B896 /* AVAudioPlayer+PGFade.m */; };
		52A2410315F64FD900DE7B12 /* TOHelpController.xib in Resources */ = {isa = PBXBuildFile; fileRef = 52A2410215F64FD900DE7B12 /* TOHelpController.xib */; };
		52A4D03D15E2B67700EC3C54 /* TOHelpController.m in Sources */ = {isa = PBXBuildFile; fileRef = 52A4D03C15E2B67700EC3C54 /* TOHelpController.m */; };
		52A4D04315E2BB9B00EC3C54 /* Slide1.png in Resources */ = {isa = PBXBuildFile; fileRef = 52A4D04015E2BB9B00EC3C54 /* Slide1.png */; };
		52A4D04415E2BB9B00EC3C54 /* Slide2.png in Resources */ = {isa = PBXBuildFile; fileRef = 52A4D04115E2BB9B00EC3C54 /* Slide2.png */; };
		52A4D04515E2BB9B00EC3C54 /* Slide3.png in Resources */ = {isa = PBXBuildFile; fileRef = 52A4D04215E2BB9B00EC3C54 /* Slide3.png */; };
		52A57F5515B77A600050C53C /* audio.plist in Resources */ = {isa = PBXBuildFile; fileRef = 52A57F5415B77A600050C53C /* audio.plist */; };
		52A57F6B15B784A10050C53C /* cheer.mp3 in Resources */ = {isa = PBXBuildFile; fileRef = 52A57F6A15B784A10050C53C /* cheer.mp3 */; };
		52BF99B715AB3B4F00BC512B /* ages.plist in Resources */ = {isa = PBXBuildFile; fileRef = 52BF99B615AB3B4F00BC512B /* ages.plist */; };
		52BF99BD15AB4EC600BC512B /* UIColor+Additions.m in Sources */ = {isa = PBXBuildFile; fileRef = 52BF99BC15AB4EC600BC512B /* UIColor+Additions.m */; };
		52C4207815A2830F00D70783 /* UIKit.framework in Frameworks */ = {isa = PBXBuildFile; fileRef = 52C4207715A2830F00D70783 /* UIKit.framework */; };
		52C4207A15A2830F00D70783 /* Foundation.framework in Frameworks */ = {isa = PBXBuildFile; fileRef = 52C4207915A2830F00D70783 /* Foundation.framework */; };
		52C4207C15A2830F00D70783 /* CoreGraphics.framework in Frameworks */ = {isa = PBXBuildFile; fileRef = 52C4207B15A2830F00D70783 /* CoreGraphics.framework */; };
		52C4207E15A2830F00D70783 /* CoreData.framework in Frameworks */ = {isa = PBXBuildFile; fileRef = 52C4207D15A2830F00D70783 /* CoreData.framework */; };
		52C4209A15A2847B00D70783 /* main.m in Sources */ = {isa = PBXBuildFile; fileRef = 52C4209615A2847B00D70783 /* main.m */; };
		52C4209B15A2847B00D70783 /* TOAppDelegate.m in Sources */ = {isa = PBXBuildFile; fileRef = 52C4209915A2847B00D70783 /* TOAppDelegate.m */; };
/* End PBXBuildFile section */

/* Begin PBXFileReference section */
		368F3FD415B69A2E004084E7 /* background.mp3 */ = {isa = PBXFileReference; lastKnownFileType = audio.mp3; path = background.mp3; sourceTree = "<group>"; };
		368F3FD715B69BB0004084E7 /* 3-10-Cat-768.jpg */ = {isa = PBXFileReference; lastKnownFileType = image.jpeg; path = "3-10-Cat-768.jpg"; sourceTree = "<group>"; };
		368F3FD815B69BB0004084E7 /* 3-10-Wigglebottom-768.jpg */ = {isa = PBXFileReference; lastKnownFileType = image.jpeg; path = "3-10-Wigglebottom-768.jpg"; sourceTree = "<group>"; };
		368F3FD915B69BB0004084E7 /* 3-5-BabySeal-768.jpg */ = {isa = PBXFileReference; lastKnownFileType = image.jpeg; path = "3-5-BabySeal-768.jpg"; sourceTree = "<group>"; };
		368F3FDA15B69BB0004084E7 /* 3-5-Bunny-768.jpg */ = {isa = PBXFileReference; lastKnownFileType = image.jpeg; path = "3-5-Bunny-768.jpg"; sourceTree = "<group>"; };
		368F3FDB15B69BB0004084E7 /* 3-5-Bunny2-768.jpg */ = {isa = PBXFileReference; lastKnownFileType = image.jpeg; path = "3-5-Bunny2-768.jpg"; sourceTree = "<group>"; };
		368F3FDC15B69BB0004084E7 /* 3-5-Bunny3-768.jpg */ = {isa = PBXFileReference; lastKnownFileType = image.jpeg; path = "3-5-Bunny3-768.jpg"; sourceTree = "<group>"; };
		368F3FDD15B69BB0004084E7 /* 3-5-Duck-768.jpg */ = {isa = PBXFileReference; lastKnownFileType = image.jpeg; path = "3-5-Duck-768.jpg"; sourceTree = "<group>"; };
		368F3FDE15B69BB0004084E7 /* 3-5-Goat-768.jpg */ = {isa = PBXFileReference; lastKnownFileType = image.jpeg; path = "3-5-Goat-768.jpg"; sourceTree = "<group>"; };
		368F3FDF15B69BB0004084E7 /* 3-5-Goat2-768.jpg */ = {isa = PBXFileReference; lastKnownFileType = image.jpeg; path = "3-5-Goat2-768.jpg"; sourceTree = "<group>"; };
		368F3FE015B69BB0004084E7 /* 3-5-goat3-768.jpg */ = {isa = PBXFileReference; lastKnownFileType = image.jpeg; path = "3-5-goat3-768.jpg"; sourceTree = "<group>"; };
		368F3FE115B69BB0004084E7 /* 3-5-Husky-768.jpg */ = {isa = PBXFileReference; lastKnownFileType = image.jpeg; path = "3-5-Husky-768.jpg"; sourceTree = "<group>"; };
		368F3FE215B69BB0004084E7 /* 3-5-InoEyes-768.jpg */ = {isa = PBXFileReference; lastKnownFileType = image.jpeg; path = "3-5-InoEyes-768.jpg"; sourceTree = "<group>"; };
		368F3FE315B69BB0004084E7 /* 3-5-Sammy-768.jpg */ = {isa = PBXFileReference; lastKnownFileType = image.jpeg; path = "3-5-Sammy-768.jpg"; sourceTree = "<group>"; };
		368F3FE415B69BB0004084E7 /* 3-5-Wolf-768.jpg */ = {isa = PBXFileReference; lastKnownFileType = image.jpeg; path = "3-5-Wolf-768.jpg"; sourceTree = "<group>"; };
		368F3FE515B69BB0004084E7 /* 3-7-DogBlue-768.jpg */ = {isa = PBXFileReference; lastKnownFileType = image.jpeg; path = "3-7-DogBlue-768.jpg"; sourceTree = "<group>"; };
		368F3FE615B69BB0004084E7 /* 3-7-DogFace-768.jpg */ = {isa = PBXFileReference; lastKnownFileType = image.jpeg; path = "3-7-DogFace-768.jpg"; sourceTree = "<group>"; };
		368F3FE715B69BB0004084E7 /* 3-7-Dolphin-768.jpg */ = {isa = PBXFileReference; lastKnownFileType = image.jpeg; path = "3-7-Dolphin-768.jpg"; sourceTree = "<group>"; };
		368F3FE815B69BB0004084E7 /* 3-7-Fox-768.jpg */ = {isa = PBXFileReference; lastKnownFileType = image.jpeg; path = "3-7-Fox-768.jpg"; sourceTree = "<group>"; };
		368F3FE915B69BB0004084E7 /* 3-7-GoatSky-768.jpg */ = {isa = PBXFileReference; lastKnownFileType = image.jpeg; path = "3-7-GoatSky-768.jpg"; sourceTree = "<group>"; };
		368F3FEA15B69BB0004084E7 /* 3-7-Sealsfaces-768.jpg */ = {isa = PBXFileReference; lastKnownFileType = image.jpeg; path = "3-7-Sealsfaces-768.jpg"; sourceTree = "<group>"; };
		368F3FEB15B69BB0004084E7 /* 3-7-SoftFlower-768.jpg */ = {isa = PBXFileReference; lastKnownFileType = image.jpeg; path = "3-7-SoftFlower-768.jpg"; sourceTree = "<group>"; };
		368F3FEC15B69BB0004084E7 /* 6-10-Dogrunning-768.jpg */ = {isa = PBXFileReference; lastKnownFileType = image.jpeg; path = "6-10-Dogrunning-768.jpg"; sourceTree = "<group>"; };
		368F3FED15B69BB0004084E7 /* 6-7-BillyG-768.jpg */ = {isa = PBXFileReference; lastKnownFileType = image.jpeg; path = "6-7-BillyG-768.jpg"; sourceTree = "<group>"; };
		368F3FEE15B69BB0004084E7 /* 6-7-BoyDog-768.jpg */ = {isa = PBXFileReference; lastKnownFileType = image.jpeg; path = "6-7-BoyDog-768.jpg"; sourceTree = "<group>"; };
		368F3FEF15B69BB0004084E7 /* 6-7-DogBall-768.jpg */ = {isa = PBXFileReference; lastKnownFileType = image.jpeg; path = "6-7-DogBall-768.jpg"; sourceTree = "<group>"; };
		368F3FF015B69BB0004084E7 /* 6-7-Redseal-768.jpg */ = {isa = PBXFileReference; lastKnownFileType = image.jpeg; path = "6-7-Redseal-768.jpg"; sourceTree = "<group>"; };
		368F3FF115B69BB0004084E7 /* 6-7-rooster-768.jpg */ = {isa = PBXFileReference; lastKnownFileType = image.jpeg; path = "6-7-rooster-768.jpg"; sourceTree = "<group>"; };
		368F3FF215B69BB0004084E7 /* 6-7-Seal-768.jpg */ = {isa = PBXFileReference; lastKnownFileType = image.jpeg; path = "6-7-Seal-768.jpg"; sourceTree = "<group>"; };
		368F3FF315B69BB0004084E7 /* 6-7-White-768.jpg */ = {isa = PBXFileReference; lastKnownFileType = image.jpeg; path = "6-7-White-768.jpg"; sourceTree = "<group>"; };
		368F3FF415B69BB0004084E7 /* 8-10-Barking-seals-768.jpg */ = {isa = PBXFileReference; lastKnownFileType = image.jpeg; path = "8-10-Barking-seals-768.jpg"; sourceTree = "<group>"; };
		368F3FF515B69BB0004084E7 /* 8-10-Bied4-768.jpg */ = {isa = PBXFileReference; lastKnownFileType = image.jpeg; path = "8-10-Bied4-768.jpg"; sourceTree = "<group>"; };
		368F3FF615B69BB0004084E7 /* 8-10-Bird-768.jpg */ = {isa = PBXFileReference; lastKnownFileType = image.jpeg; path = "8-10-Bird-768.jpg"; sourceTree = "<group>"; };
		368F3FF715B69BB0004084E7 /* 8-10-Crab-768.jpg */ = {isa = PBXFileReference; lastKnownFileType = image.jpeg; path = "8-10-Crab-768.jpg"; sourceTree = "<group>"; };
		368F3FF815B69BB0004084E7 /* 8-10-Horse-768.jpg */ = {isa = PBXFileReference; lastKnownFileType = image.jpeg; path = "8-10-Horse-768.jpg"; sourceTree = "<group>"; };
		368F3FF915B69BB0004084E7 /* 8-10-horse2-768.jpg */ = {isa = PBXFileReference; lastKnownFileType = image.jpeg; path = "8-10-horse2-768.jpg"; sourceTree = "<group>"; };
		368F3FFA15B69BB0004084E7 /* 8-10-horse3-768.jpg */ = {isa = PBXFileReference; lastKnownFileType = image.jpeg; path = "8-10-horse3-768.jpg"; sourceTree = "<group>"; };
		368F3FFB15B69BB0004084E7 /* 8-10-horse4-768.jpg */ = {isa = PBXFileReference; lastKnownFileType = image.jpeg; path = "8-10-horse4-768.jpg"; sourceTree = "<group>"; };
		368F3FFC15B69BB0004084E7 /* 8-10-Hummingbird-768.jpg */ = {isa = PBXFileReference; lastKnownFileType = image.jpeg; path = "8-10-Hummingbird-768.jpg"; sourceTree = "<group>"; };
		368F3FFD15B69BB0004084E7 /* 8-10-Lab-768.jpg */ = {isa = PBXFileReference; lastKnownFileType = image.jpeg; path = "8-10-Lab-768.jpg"; sourceTree = "<group>"; };
		368F3FFE15B69BB0004084E7 /* 8-10-Lion-768.jpg */ = {isa = PBXFileReference; lastKnownFileType = image.jpeg; path = "8-10-Lion-768.jpg"; sourceTree = "<group>"; };
		368F3FFF15B69BB0004084E7 /* 8-10-OrangeDog-768.jpg */ = {isa = PBXFileReference; lastKnownFileType = image.jpeg; path = "8-10-OrangeDog-768.jpg"; sourceTree = "<group>"; };
		368F400015B69BB0004084E7 /* 8-10-Purple-768.jpg */ = {isa = PBXFileReference; lastKnownFileType = image.jpeg; path = "8-10-Purple-768.jpg"; sourceTree = "<group>"; };
		368F400115B69BB0004084E7 /* 8-10-River-768.jpg */ = {isa = PBXFileReference; lastKnownFileType = image.jpeg; path = "8-10-River-768.jpg"; sourceTree = "<group>"; };
		368F400215B69BB0004084E7 /* 8-10-Sailboat-768.jpg */ = {isa = PBXFileReference; lastKnownFileType = image.jpeg; path = "8-10-Sailboat-768.jpg"; sourceTree = "<group>"; };
		368F400315B69BB0004084E7 /* 8-10-Spi-768.jpg */ = {isa = PBXFileReference; lastKnownFileType = image.jpeg; path = "8-10-Spi-768.jpg"; sourceTree = "<group>"; };
		368F400415B69BB0004084E7 /* 8-10-Swans-768.jpg */ = {isa = PBXFileReference; lastKnownFileType = image.jpeg; path = "8-10-Swans-768.jpg"; sourceTree = "<group>"; };
		368F400515B69BB0004084E7 /* 8-10-Yak-768.jpg */ = {isa = PBXFileReference; lastKnownFileType = image.jpeg; path = "8-10-Yak-768.jpg"; sourceTree = "<group>"; };
		5208DB7115A7733C00052CB3 /* TimeoutBuddy.storyboard */ = {isa = PBXFileReference; fileEncoding = 4; lastKnownFileType = file.storyboard; path = TimeoutBuddy.storyboard; sourceTree = "<group>"; };
		5208DB7315A77F3B00052CB3 /* TOSetupController.h */ = {isa = PBXFileReference; fileEncoding = 4; lastKnownFileType = sourcecode.c.h; path = TOSetupController.h; sourceTree = "<group>"; };
		5208DB7415A77F3B00052CB3 /* TOSetupController.m */ = {isa = PBXFileReference; fileEncoding = 4; lastKnownFileType = sourcecode.c.objc; path = TOSetupController.m; sourceTree = "<group>"; };
		5208DB7915A77F8D00052CB3 /* TOMainController.h */ = {isa = PBXFileReference; fileEncoding = 4; lastKnownFileType = sourcecode.c.h; path = TOMainController.h; sourceTree = "<group>"; };
		5208DB7A15A77F8D00052CB3 /* TOMainController.m */ = {isa = PBXFileReference; fileEncoding = 4; lastKnownFileType = sourcecode.c.objc; path = TOMainController.m; sourceTree = "<group>"; };
		520FA6EA15B88D8A0071B597 /* applause.wav */ = {isa = PBXFileReference; lastKnownFileType = audio.wav; path = applause.wav; sourceTree = "<group>"; };
		520FA6EB15B88D8A0071B597 /* clearthroat.wav */ = {isa = PBXFileReference; lastKnownFileType = audio.wav; path = clearthroat.wav; sourceTree = "<group>"; };
		520FA6F015B88DF40071B597 /* comeon.wav */ = {isa = PBXFileReference; lastKnownFileType = audio.wav; path = comeon.wav; sourceTree = "<group>"; };
		521E9CDF15AC85D000F65D39 /* Constants.h */ = {isa = PBXFileReference; lastKnownFileType = sourcecode.c.h; path = Constants.h; sourceTree = "<group>"; };
		521E9CE815AC894700F65D39 /* TimeoutBuddy-iPad.storyboard */ = {isa = PBXFileReference; fileEncoding = 4; lastKnownFileType = file.storyboard; path = "TimeoutBuddy-iPad.storyboard"; sourceTree = "<group>"; };
		5236BAC215B0905800FC6985 /* NSArray+TOAdditions.h */ = {isa = PBXFileReference; fileEncoding = 4; lastKnownFileType = sourcecode.c.h; path = "NSArray+TOAdditions.h"; sourceTree = "<group>"; };
		5236BAC315B0905800FC6985 /* NSArray+TOAdditions.m */ = {isa = PBXFileReference; fileEncoding = 4; lastKnownFileType = sourcecode.c.objc; path = "NSArray+TOAdditions.m"; sourceTree = "<group>"; };
		524EA31F15AB6D8B00FCCCB1 /* Icon.png */ = {isa = PBXFileReference; lastKnownFileType = image.png; path = Icon.png; sourceTree = "<group>"; };
		524EA32015AB6D8B00FCCCB1 /* Icon@2x.png */ = {isa = PBXFileReference; lastKnownFileType = image.png; path = "Icon@2x.png"; sourceTree = "<group>"; };
		524EA32615AB6E4600FCCCB1 /* transparent_logo_small.png */ = {isa = PBXFileReference; lastKnownFileType = image.png; path = transparent_logo_small.png; sourceTree = "<group>"; };
		524EA32C15AB6F6B00FCCCB1 /* GradientButton.h */ = {isa = PBXFileReference; fileEncoding = 4; lastKnownFileType = sourcecode.c.h; path = GradientButton.h; sourceTree = "<group>"; };
		524EA32D15AB6F6B00FCCCB1 /* GradientButton.m */ = {isa = PBXFileReference; fileEncoding = 4; lastKnownFileType = sourcecode.c.objc; path = GradientButton.m; sourceTree = "<group>"; };
		524EA32F15AB7E6C00FCCCB1 /* setup_background.png */ = {isa = PBXFileReference; lastKnownFileType = image.png; path = setup_background.png; sourceTree = "<group>"; };
		524EA33115AB81BB00FCCCB1 /* go.png */ = {isa = PBXFileReference; lastKnownFileType = image.png; path = go.png; sourceTree = "<group>"; };
		524EA33215AB81BB00FCCCB1 /* stop.png */ = {isa = PBXFileReference; lastKnownFileType = image.png; path = stop.png; sourceTree = "<group>"; };
		52594A6415AF992F0014BF86 /* home-ipad.jpg */ = {isa = PBXFileReference; lastKnownFileType = image.jpeg; path = "home-ipad.jpg"; sourceTree = "<group>"; };
		52594A6515AF992F0014BF86 /* home-ipad@2x.jpg */ = {isa = PBXFileReference; lastKnownFileType = image.jpeg; path = "home-ipad@2x.jpg"; sourceTree = "<group>"; };
		52594A6615AF992F0014BF86 /* home.jpg */ = {isa = PBXFileReference; lastKnownFileType = image.jpeg; path = home.jpg; sourceTree = "<group>"; };
		52594A6715AF992F0014BF86 /* home@2x.jpg */ = {isa = PBXFileReference; lastKnownFileType = image.jpeg; path = "home@2x.jpg"; sourceTree = "<group>"; };
		52823E7A15B44D8A00E58978 /* images.plist */ = {isa = PBXFileReference; fileEncoding = 4; lastKnownFileType = text.plist.xml; path = images.plist; sourceTree = "<group>"; };
		5295ECE915AF9A94008F7670 /* transparent_logo.png */ = {isa = PBXFileReference; lastKnownFileType = image.png; path = transparent_logo.png; sourceTree = "<group>"; };
		5295ED9515B078B9008F7670 /* colors.plist */ = {isa = PBXFileReference; fileEncoding = 4; lastKnownFileType = text.plist.xml; path = colors.plist; sourceTree = "<group>"; };
		529914F615A78A010035B896 /* TOAgePickerView.h */ = {isa = PBXFileReference; fileEncoding = 4; lastKnownFileType = sourcecode.c.h; path = TOAgePickerView.h; sourceTree = "<group>"; };
		529914F715A78A010035B896 /* TOAgePickerView.m */ = {isa = PBXFileReference; fileEncoding = 4; lastKnownFileType = sourcecode.c.objc; path = TOAgePickerView.m; sourceTree = "<group>"; };
		529914FE15A7A7690035B896 /* TOSlideManager.h */ = {isa = PBXFileReference; fileEncoding = 4; lastKnownFileType = sourcecode.c.h; path = TOSlideManager.h; sourceTree = "<group>"; };
		529914FF15A7A7690035B896 /* TOSlideManager.m */ = {isa = PBXFileReference; fileEncoding = 4; lastKnownFileType = sourcecode.c.objc; path = TOSlideManager.m; sourceTree = "<group>"; };
		5299150115A7A9980035B896 /* TOSlide.h */ = {isa = PBXFileReference; fileEncoding = 4; lastKnownFileType = sourcecode.c.h; path = TOSlide.h; sourceTree = "<group>"; };
		5299150215A7A9980035B896 /* TOSlide.m */ = {isa = PBXFileReference; fileEncoding = 4; lastKnownFileType = sourcecode.c.objc; path = TOSlide.m; sourceTree = "<group>"; };
		5299152015A7BC2F0035B896 /* AVFoundation.framework */ = {isa = PBXFileReference; lastKnownFileType = wrapper.framework; name = AVFoundation.framework; path = System/Library/Frameworks/AVFoundation.framework; sourceTree = SDKROOT; };
		5299152615A7BEB80035B896 /* AVAudioPlayer+PGFade.h */ = {isa = PBXFileReference; fileEncoding = 4; lastKnownFileType = sourcecode.c.h; path = "AVAudioPlayer+PGFade.h"; sourceTree = "<group>"; };
		5299152715A7BEB80035B896 /* AVAudioPlayer+PGFade.m */ = {isa = PBXFileReference; fileEncoding = 4; lastKnownFileType = sourcecode.c.objc; path = "AVAudioPlayer+PGFade.m"; sourceTree = "<group>"; };
		52A2410215F64FD900DE7B12 /* TOHelpController.xib */ = {isa = PBXFileReference; fileEncoding = 4; lastKnownFileType = file.xib; path = TOHelpController.xib; sourceTree = "<group>"; };
		52A4D03B15E2B67700EC3C54 /* TOHelpController.h */ = {isa = PBXFileReference; fileEncoding = 4; lastKnownFileType = sourcecode.c.h; path = TOHelpController.h; sourceTree = "<group>"; };
		52A4D03C15E2B67700EC3C54 /* TOHelpController.m */ = {isa = PBXFileReference; fileEncoding = 4; lastKnownFileType = sourcecode.c.objc; path = TOHelpController.m; sourceTree = "<group>"; };
		52A4D04015E2BB9B00EC3C54 /* Slide1.png */ = {isa = PBXFileReference; lastKnownFileType = image.png; path = Slide1.png; sourceTree = "<group>"; };
		52A4D04115E2BB9B00EC3C54 /* Slide2.png */ = {isa = PBXFileReference; lastKnownFileType = image.png; path = Slide2.png; sourceTree = "<group>"; };
		52A4D04215E2BB9B00EC3C54 /* Slide3.png */ = {isa = PBXFileReference; lastKnownFileType = image.png; path = Slide3.png; sourceTree = "<group>"; };
		52A57F5415B77A600050C53C /* audio.plist */ = {isa = PBXFileReference; fileEncoding = 4; lastKnownFileType = text.plist.xml; path = audio.plist; sourceTree = "<group>"; };
		52A57F6A15B784A10050C53C /* cheer.mp3 */ = {isa = PBXFileReference; lastKnownFileType = audio.mp3; path = cheer.mp3; sourceTree = "<group>"; };
		52BF99B615AB3B4F00BC512B /* ages.plist */ = {isa = PBXFileReference; fileEncoding = 4; lastKnownFileType = text.plist.xml; path = ages.plist; sourceTree = "<group>"; };
		52BF99BB15AB4EC600BC512B /* UIColor+Additions.h */ = {isa = PBXFileReference; fileEncoding = 4; lastKnownFileType = sourcecode.c.h; path = "UIColor+Additions.h"; sourceTree = "<group>"; };
		52BF99BC15AB4EC600BC512B /* UIColor+Additions.m */ = {isa = PBXFileReference; fileEncoding = 4; lastKnownFileType = sourcecode.c.objc; path = "UIColor+Additions.m"; sourceTree = "<group>"; };
		52C4207315A2830F00D70783 /* TimeOutBuddy.app */ = {isa = PBXFileReference; explicitFileType = wrapper.application; includeInIndex = 0; path = TimeOutBuddy.app; sourceTree = BUILT_PRODUCTS_DIR; };
		52C4207715A2830F00D70783 /* UIKit.framework */ = {isa = PBXFileReference; lastKnownFileType = wrapper.framework; name = UIKit.framework; path = System/Library/Frameworks/UIKit.framework; sourceTree = SDKROOT; };
		52C4207915A2830F00D70783 /* Foundation.framework */ = {isa = PBXFileReference; lastKnownFileType = wrapper.framework; name = Foundation.framework; path = System/Library/Frameworks/Foundation.framework; sourceTree = SDKROOT; };
		52C4207B15A2830F00D70783 /* CoreGraphics.framework */ = {isa = PBXFileReference; lastKnownFileType = wrapper.framework; name = CoreGraphics.framework; path = System/Library/Frameworks/CoreGraphics.framework; sourceTree = SDKROOT; };
		52C4207D15A2830F00D70783 /* CoreData.framework */ = {isa = PBXFileReference; lastKnownFileType = wrapper.framework; name = CoreData.framework; path = System/Library/Frameworks/CoreData.framework; sourceTree = SDKROOT; };
		52C4209615A2847B00D70783 /* main.m */ = {isa = PBXFileReference; fileEncoding = 4; lastKnownFileType = sourcecode.c.objc; path = main.m; sourceTree = "<group>"; };
		52C4209715A2847B00D70783 /* TimeOutBuddy-Prefix.pch */ = {isa = PBXFileReference; fileEncoding = 4; lastKnownFileType = sourcecode.c.h; path = "TimeOutBuddy-Prefix.pch"; sourceTree = "<group>"; };
		52C4209815A2847B00D70783 /* TOAppDelegate.h */ = {isa = PBXFileReference; fileEncoding = 4; lastKnownFileType = sourcecode.c.h; path = TOAppDelegate.h; sourceTree = "<group>"; };
		52C4209915A2847B00D70783 /* TOAppDelegate.m */ = {isa = PBXFileReference; fileEncoding = 4; lastKnownFileType = sourcecode.c.objc; path = TOAppDelegate.m; sourceTree = "<group>"; };
		52C4209E15A2848C00D70783 /* TimeOutBuddy.xcdatamodel */ = {isa = PBXFileReference; lastKnownFileType = wrapper.xcdatamodel; path = TimeOutBuddy.xcdatamodel; sourceTree = "<group>"; };
		52C4209F15A2848C00D70783 /* Info.plist */ = {isa = PBXFileReference; fileEncoding = 4; lastKnownFileType = text.plist.xml; path = Info.plist; sourceTree = "<group>"; };
/* End PBXFileReference section */

/* Begin PBXFrameworksBuildPhase section */
		52C4207015A2830F00D70783 /* Frameworks */ = {
			isa = PBXFrameworksBuildPhase;
			buildActionMask = 2147483647;
			files = (
				5299152115A7BC2F0035B896 /* AVFoundation.framework in Frameworks */,
				52C4207815A2830F00D70783 /* UIKit.framework in Frameworks */,
				52C4207A15A2830F00D70783 /* Foundation.framework in Frameworks */,
				52C4207C15A2830F00D70783 /* CoreGraphics.framework in Frameworks */,
				52C4207E15A2830F00D70783 /* CoreData.framework in Frameworks */,
			);
			runOnlyForDeploymentPostprocessing = 0;
		};
/* End PBXFrameworksBuildPhase section */

/* Begin PBXGroup section */
		368F3FD315B69A2E004084E7 /* Audio */ = {
			isa = PBXGroup;
			children = (
				520FA6F015B88DF40071B597 /* comeon.wav */,
				520FA6EA15B88D8A0071B597 /* applause.wav */,
				520FA6EB15B88D8A0071B597 /* clearthroat.wav */,
				52A57F6A15B784A10050C53C /* cheer.mp3 */,
				368F3FD415B69A2E004084E7 /* background.mp3 */,
			);
			path = Audio;
			sourceTree = "<group>";
		};
		368F3FD615B69BB0004084E7 /* Images */ = {
			isa = PBXGroup;
			children = (
				368F3FD715B69BB0004084E7 /* 3-10-Cat-768.jpg */,
				368F3FD815B69BB0004084E7 /* 3-10-Wigglebottom-768.jpg */,
				368F3FD915B69BB0004084E7 /* 3-5-BabySeal-768.jpg */,
				368F3FDA15B69BB0004084E7 /* 3-5-Bunny-768.jpg */,
				368F3FDB15B69BB0004084E7 /* 3-5-Bunny2-768.jpg */,
				368F3FDC15B69BB0004084E7 /* 3-5-Bunny3-768.jpg */,
				368F3FDD15B69BB0004084E7 /* 3-5-Duck-768.jpg */,
				368F3FDE15B69BB0004084E7 /* 3-5-Goat-768.jpg */,
				368F3FDF15B69BB0004084E7 /* 3-5-Goat2-768.jpg */,
				368F3FE015B69BB0004084E7 /* 3-5-goat3-768.jpg */,
				368F3FE115B69BB0004084E7 /* 3-5-Husky-768.jpg */,
				368F3FE215B69BB0004084E7 /* 3-5-InoEyes-768.jpg */,
				368F3FE315B69BB0004084E7 /* 3-5-Sammy-768.jpg */,
				368F3FE415B69BB0004084E7 /* 3-5-Wolf-768.jpg */,
				368F3FE515B69BB0004084E7 /* 3-7-DogBlue-768.jpg */,
				368F3FE615B69BB0004084E7 /* 3-7-DogFace-768.jpg */,
				368F3FE715B69BB0004084E7 /* 3-7-Dolphin-768.jpg */,
				368F3FE815B69BB0004084E7 /* 3-7-Fox-768.jpg */,
				368F3FE915B69BB0004084E7 /* 3-7-GoatSky-768.jpg */,
				368F3FEA15B69BB0004084E7 /* 3-7-Sealsfaces-768.jpg */,
				368F3FEB15B69BB0004084E7 /* 3-7-SoftFlower-768.jpg */,
				368F3FEC15B69BB0004084E7 /* 6-10-Dogrunning-768.jpg */,
				368F3FED15B69BB0004084E7 /* 6-7-BillyG-768.jpg */,
				368F3FEE15B69BB0004084E7 /* 6-7-BoyDog-768.jpg */,
				368F3FEF15B69BB0004084E7 /* 6-7-DogBall-768.jpg */,
				368F3FF015B69BB0004084E7 /* 6-7-Redseal-768.jpg */,
				368F3FF115B69BB0004084E7 /* 6-7-rooster-768.jpg */,
				368F3FF215B69BB0004084E7 /* 6-7-Seal-768.jpg */,
				368F3FF315B69BB0004084E7 /* 6-7-White-768.jpg */,
				368F3FF415B69BB0004084E7 /* 8-10-Barking-seals-768.jpg */,
				368F3FF515B69BB0004084E7 /* 8-10-Bied4-768.jpg */,
				368F3FF615B69BB0004084E7 /* 8-10-Bird-768.jpg */,
				368F3FF715B69BB0004084E7 /* 8-10-Crab-768.jpg */,
				368F3FF815B69BB0004084E7 /* 8-10-Horse-768.jpg */,
				368F3FF915B69BB0004084E7 /* 8-10-horse2-768.jpg */,
				368F3FFA15B69BB0004084E7 /* 8-10-horse3-768.jpg */,
				368F3FFB15B69BB0004084E7 /* 8-10-horse4-768.jpg */,
				368F3FFC15B69BB0004084E7 /* 8-10-Hummingbird-768.jpg */,
				368F3FFD15B69BB0004084E7 /* 8-10-Lab-768.jpg */,
				368F3FFE15B69BB0004084E7 /* 8-10-Lion-768.jpg */,
				368F3FFF15B69BB0004084E7 /* 8-10-OrangeDog-768.jpg */,
				368F400015B69BB0004084E7 /* 8-10-Purple-768.jpg */,
				368F400115B69BB0004084E7 /* 8-10-River-768.jpg */,
				368F400215B69BB0004084E7 /* 8-10-Sailboat-768.jpg */,
				368F400315B69BB0004084E7 /* 8-10-Spi-768.jpg */,
				368F400415B69BB0004084E7 /* 8-10-Swans-768.jpg */,
				368F400515B69BB0004084E7 /* 8-10-Yak-768.jpg */,
			);
			path = Images;
			sourceTree = "<group>";
		};
		5208DB6F15A7730A00052CB3 /* Storyboard */ = {
			isa = PBXGroup;
			children = (
				5208DB7115A7733C00052CB3 /* TimeoutBuddy.storyboard */,
				521E9CE815AC894700F65D39 /* TimeoutBuddy-iPad.storyboard */,
			);
			path = Storyboard;
			sourceTree = "<group>";
		};
		5208DB7815A77F5400052CB3 /* XIB */ = {
			isa = PBXGroup;
			children = (
				52A2410215F64FD900DE7B12 /* TOHelpController.xib */,
			);
			path = XIB;
			sourceTree = "<group>";
		};
		524EA31E15AB6D8B00FCCCB1 /* Icons */ = {
			isa = PBXGroup;
			children = (
				524EA31F15AB6D8B00FCCCB1 /* Icon.png */,
				524EA32015AB6D8B00FCCCB1 /* Icon@2x.png */,
			);
			path = Icons;
			sourceTree = "<group>";
		};
		529914F415A789DA0035B896 /* Views */ = {
			isa = PBXGroup;
			children = (
				524EA32C15AB6F6B00FCCCB1 /* GradientButton.h */,
				524EA32D15AB6F6B00FCCCB1 /* GradientButton.m */,
				529914F615A78A010035B896 /* TOAgePickerView.h */,
				529914F715A78A010035B896 /* TOAgePickerView.m */,
			);
			path = Views;
			sourceTree = "<group>";
		};
		529914FD15A7A7370035B896 /* Support */ = {
			isa = PBXGroup;
			children = (
				5299152615A7BEB80035B896 /* AVAudioPlayer+PGFade.h */,
				5299152715A7BEB80035B896 /* AVAudioPlayer+PGFade.m */,
				529914FE15A7A7690035B896 /* TOSlideManager.h */,
				529914FF15A7A7690035B896 /* TOSlideManager.m */,
				5299150115A7A9980035B896 /* TOSlide.h */,
				5299150215A7A9980035B896 /* TOSlide.m */,
				521E9CDF15AC85D000F65D39 /* Constants.h */,
			);
			path = Support;
			sourceTree = "<group>";
		};
		5299151415A7B1790035B896 /* Assets */ = {
			isa = PBXGroup;
			children = (
				52A4D03F15E2BB9B00EC3C54 /* HelpScreens */,
				368F3FD615B69BB0004084E7 /* Images */,
				368F3FD315B69A2E004084E7 /* Audio */,
				5295ECE915AF9A94008F7670 /* transparent_logo.png */,
				52594A6415AF992F0014BF86 /* home-ipad.jpg */,
				52594A6515AF992F0014BF86 /* home-ipad@2x.jpg */,
				52594A6615AF992F0014BF86 /* home.jpg */,
				52594A6715AF992F0014BF86 /* home@2x.jpg */,
				524EA33115AB81BB00FCCCB1 /* go.png */,
				524EA33215AB81BB00FCCCB1 /* stop.png */,
				524EA32F15AB7E6C00FCCCB1 /* setup_background.png */,
				524EA32615AB6E4600FCCCB1 /* transparent_logo_small.png */,
				52BF99B615AB3B4F00BC512B /* ages.plist */,
				5295ED9515B078B9008F7670 /* colors.plist */,
				52823E7A15B44D8A00E58978 /* images.plist */,
				52A57F5415B77A600050C53C /* audio.plist */,
			);
			path = Assets;
			sourceTree = "<group>";
		};
		52A4D03F15E2BB9B00EC3C54 /* HelpScreens */ = {
			isa = PBXGroup;
			children = (
				52A4D04015E2BB9B00EC3C54 /* Slide1.png */,
				52A4D04115E2BB9B00EC3C54 /* Slide2.png */,
				52A4D04215E2BB9B00EC3C54 /* Slide3.png */,
			);
			path = HelpScreens;
			sourceTree = "<group>";
		};
		52BF99BA15AB4E8B00BC512B /* Categories */ = {
			isa = PBXGroup;
			children = (
				52BF99BB15AB4EC600BC512B /* UIColor+Additions.h */,
				52BF99BC15AB4EC600BC512B /* UIColor+Additions.m */,
				5236BAC215B0905800FC6985 /* NSArray+TOAdditions.h */,
				5236BAC315B0905800FC6985 /* NSArray+TOAdditions.m */,
			);
			path = Categories;
			sourceTree = "<group>";
		};
		52C4206815A2830F00D70783 = {
			isa = PBXGroup;
			children = (
				52C420A215A2849200D70783 /* Resources */,
				52C4209315A2847B00D70783 /* Code */,
				52C4207615A2830F00D70783 /* Frameworks */,
				52C4207415A2830F00D70783 /* Products */,
			);
			sourceTree = "<group>";
		};
		52C4207415A2830F00D70783 /* Products */ = {
			isa = PBXGroup;
			children = (
				52C4207315A2830F00D70783 /* TimeOutBuddy.app */,
			);
			name = Products;
			sourceTree = "<group>";
		};
		52C4207615A2830F00D70783 /* Frameworks */ = {
			isa = PBXGroup;
			children = (
				5299152015A7BC2F0035B896 /* AVFoundation.framework */,
				52C4207715A2830F00D70783 /* UIKit.framework */,
				52C4207915A2830F00D70783 /* Foundation.framework */,
				52C4207B15A2830F00D70783 /* CoreGraphics.framework */,
				52C4207D15A2830F00D70783 /* CoreData.framework */,
			);
			name = Frameworks;
			sourceTree = "<group>";
		};
		52C4209315A2847B00D70783 /* Code */ = {
			isa = PBXGroup;
			children = (
				52BF99BA15AB4E8B00BC512B /* Categories */,
				529914FD15A7A7370035B896 /* Support */,
				529914F415A789DA0035B896 /* Views */,
				52C4209415A2847B00D70783 /* Controllers */,
				52C4209515A2847B00D70783 /* Main */,
				52C4209815A2847B00D70783 /* TOAppDelegate.h */,
				52C4209915A2847B00D70783 /* TOAppDelegate.m */,
			);
			path = Code;
			sourceTree = "<group>";
		};
		52C4209415A2847B00D70783 /* Controllers */ = {
			isa = PBXGroup;
			children = (
				5208DB7315A77F3B00052CB3 /* TOSetupController.h */,
				5208DB7415A77F3B00052CB3 /* TOSetupController.m */,
				5208DB7915A77F8D00052CB3 /* TOMainController.h */,
				5208DB7A15A77F8D00052CB3 /* TOMainController.m */,
				52A4D03B15E2B67700EC3C54 /* TOHelpController.h */,
				52A4D03C15E2B67700EC3C54 /* TOHelpController.m */,
			);
			path = Controllers;
			sourceTree = "<group>";
		};
		52C4209515A2847B00D70783 /* Main */ = {
			isa = PBXGroup;
			children = (
				52C4209615A2847B00D70783 /* main.m */,
				52C4209715A2847B00D70783 /* TimeOutBuddy-Prefix.pch */,
			);
			path = Main;
			sourceTree = "<group>";
		};
		52C4209C15A2848C00D70783 /* DataModel */ = {
			isa = PBXGroup;
			children = (
				52C4209D15A2848C00D70783 /* TimeOutBuddy.xcdatamodeld */,
			);
			path = DataModel;
			sourceTree = "<group>";
		};
		52C420A215A2849200D70783 /* Resources */ = {
			isa = PBXGroup;
			children = (
				524EA31E15AB6D8B00FCCCB1 /* Icons */,
				5299151415A7B1790035B896 /* Assets */,
				5208DB7815A77F5400052CB3 /* XIB */,
				5208DB6F15A7730A00052CB3 /* Storyboard */,
				52C4209F15A2848C00D70783 /* Info.plist */,
				52C4209C15A2848C00D70783 /* DataModel */,
			);
			path = Resources;
			sourceTree = "<group>";
		};
/* End PBXGroup section */

/* Begin PBXNativeTarget section */
		52C4207215A2830F00D70783 /* TimeOutBuddy */ = {
			isa = PBXNativeTarget;
			buildConfigurationList = 52C4209015A2830F00D70783 /* Build configuration list for PBXNativeTarget "TimeOutBuddy" */;
			buildPhases = (
				52C4206F15A2830F00D70783 /* Sources */,
				52C4207015A2830F00D70783 /* Frameworks */,
				521E9CC315ABC45500F65D39 /* Increment Build Number */,
				52C4207115A2830F00D70783 /* Resources */,
			);
			buildRules = (
			);
			dependencies = (
			);
			name = TimeOutBuddy;
			productName = TimeOutBuddy;
			productReference = 52C4207315A2830F00D70783 /* TimeOutBuddy.app */;
			productType = "com.apple.product-type.application";
		};
/* End PBXNativeTarget section */

/* Begin PBXProject section */
		52C4206A15A2830F00D70783 /* Project object */ = {
			isa = PBXProject;
			attributes = {
				CLASSPREFIX = TO;
				LastUpgradeCheck = 0430;
				ORGANIZATIONNAME = "How2Connect.com, Inc.";
			};
			buildConfigurationList = 52C4206D15A2830F00D70783 /* Build configuration list for PBXProject "TimeOutBuddy" */;
			compatibilityVersion = "Xcode 3.2";
			developmentRegion = English;
			hasScannedForEncodings = 0;
			knownRegions = (
				en,
			);
			mainGroup = 52C4206815A2830F00D70783;
			productRefGroup = 52C4207415A2830F00D70783 /* Products */;
			projectDirPath = "";
			projectRoot = "";
			targets = (
				52C4207215A2830F00D70783 /* TimeOutBuddy */,
			);
		};
/* End PBXProject section */

/* Begin PBXResourcesBuildPhase section */
		52C4207115A2830F00D70783 /* Resources */ = {
			isa = PBXResourcesBuildPhase;
			buildActionMask = 2147483647;
			files = (
				5208DB7215A7733C00052CB3 /* TimeoutBuddy.storyboard in Resources */,
				52BF99B715AB3B4F00BC512B /* ages.plist in Resources */,
				524EA32115AB6D8B00FCCCB1 /* Icon.png in Resources */,
				524EA32215AB6D8B00FCCCB1 /* Icon@2x.png in Resources */,
				524EA32715AB6E4600FCCCB1 /* transparent_logo_small.png in Resources */,
				524EA33015AB7E6C00FCCCB1 /* setup_background.png in Resources */,
				524EA33315AB81BB00FCCCB1 /* go.png in Resources */,
				524EA33415AB81BB00FCCCB1 /* stop.png in Resources */,
				521E9CE915AC894700F65D39 /* TimeoutBuddy-iPad.storyboard in Resources */,
				52594A6815AF992F0014BF86 /* home-ipad.jpg in Resources */,
				52594A6915AF992F0014BF86 /* home-ipad@2x.jpg in Resources */,
				52594A6A15AF992F0014BF86 /* home.jpg in Resources */,
				52594A6B15AF992F0014BF86 /* home@2x.jpg in Resources */,
				5295ECEA15AF9A94008F7670 /* transparent_logo.png in Resources */,
				5295ED9615B078B9008F7670 /* colors.plist in Resources */,
				52823E7B15B44D8A00E58978 /* images.plist in Resources */,
				368F3FD515B69A2E004084E7 /* background.mp3 in Resources */,
				368F400615B69BB0004084E7 /* 3-10-Cat-768.jpg in Resources */,
				368F400715B69BB0004084E7 /* 3-10-Wigglebottom-768.jpg in Resources */,
				368F400815B69BB0004084E7 /* 3-5-BabySeal-768.jpg in Resources */,
				368F400915B69BB0004084E7 /* 3-5-Bunny-768.jpg in Resources */,
				368F400A15B69BB0004084E7 /* 3-5-Bunny2-768.jpg in Resources */,
				368F400B15B69BB0004084E7 /* 3-5-Bunny3-768.jpg in Resources */,
				368F400C15B69BB0004084E7 /* 3-5-Duck-768.jpg in Resources */,
				368F400D15B69BB0004084E7 /* 3-5-Goat-768.jpg in Resources */,
				368F400E15B69BB0004084E7 /* 3-5-Goat2-768.jpg in Resources */,
				368F400F15B69BB0004084E7 /* 3-5-goat3-768.jpg in Resources */,
				368F401015B69BB0004084E7 /* 3-5-Husky-768.jpg in Resources */,
				368F401115B69BB0004084E7 /* 3-5-InoEyes-768.jpg in Resources */,
				368F401215B69BB0004084E7 /* 3-5-Sammy-768.jpg in Resources */,
				368F401315B69BB0004084E7 /* 3-5-Wolf-768.jpg in Resources */,
				368F401415B69BB0004084E7 /* 3-7-DogBlue-768.jpg in Resources */,
				368F401515B69BB0004084E7 /* 3-7-DogFace-768.jpg in Resources */,
				368F401615B69BB0004084E7 /* 3-7-Dolphin-768.jpg in Resources */,
				368F401715B69BB0004084E7 /* 3-7-Fox-768.jpg in Resources */,
				368F401815B69BB0004084E7 /* 3-7-GoatSky-768.jpg in Resources */,
				368F401915B69BB0004084E7 /* 3-7-Sealsfaces-768.jpg in Resources */,
				368F401A15B69BB0004084E7 /* 3-7-SoftFlower-768.jpg in Resources */,
				368F401B15B69BB0004084E7 /* 6-10-Dogrunning-768.jpg in Resources */,
				368F401C15B69BB0004084E7 /* 6-7-BillyG-768.jpg in Resources */,
				368F401D15B69BB0004084E7 /* 6-7-BoyDog-768.jpg in Resources */,
				368F401E15B69BB0004084E7 /* 6-7-DogBall-768.jpg in Resources */,
				368F401F15B69BB0004084E7 /* 6-7-Redseal-768.jpg in Resources */,
				368F402015B69BB0004084E7 /* 6-7-rooster-768.jpg in Resources */,
				368F402115B69BB0004084E7 /* 6-7-Seal-768.jpg in Resources */,
				368F402215B69BB0004084E7 /* 6-7-White-768.jpg in Resources */,
				368F402315B69BB0004084E7 /* 8-10-Barking-seals-768.jpg in Resources */,
				368F402415B69BB0004084E7 /* 8-10-Bied4-768.jpg in Resources */,
				368F402515B69BB0004084E7 /* 8-10-Bird-768.jpg in Resources */,
				368F402615B69BB0004084E7 /* 8-10-Crab-768.jpg in Resources */,
				368F402715B69BB0004084E7 /* 8-10-Horse-768.jpg in Resources */,
				368F402815B69BB0004084E7 /* 8-10-horse2-768.jpg in Resources */,
				368F402915B69BB0004084E7 /* 8-10-horse3-768.jpg in Resources */,
				368F402A15B69BB0004084E7 /* 8-10-horse4-768.jpg in Resources */,
				368F402B15B69BB0004084E7 /* 8-10-Hummingbird-768.jpg in Resources */,
				368F402C15B69BB0004084E7 /* 8-10-Lab-768.jpg in Resources */,
				368F402D15B69BB0004084E7 /* 8-10-Lion-768.jpg in Resources */,
				368F402E15B69BB0004084E7 /* 8-10-OrangeDog-768.jpg in Resources */,
				368F402F15B69BB0004084E7 /* 8-10-Purple-768.jpg in Resources */,
				368F403015B69BB0004084E7 /* 8-10-River-768.jpg in Resources */,
				368F403115B69BB0004084E7 /* 8-10-Sailboat-768.jpg in Resources */,
				368F403215B69BB0004084E7 /* 8-10-Spi-768.jpg in Resources */,
				368F403315B69BB0004084E7 /* 8-10-Swans-768.jpg in Resources */,
				368F403415B69BB0004084E7 /* 8-10-Yak-768.jpg in Resources */,
				52A57F5515B77A600050C53C /* audio.plist in Resources */,
				52A57F6B15B784A10050C53C /* cheer.mp3 in Resources */,
				520FA6ED15B88D8A0071B597 /* applause.wav in Resources */,
				520FA6EE15B88D8A0071B597 /* clearthroat.wav in Resources */,
				520FA6F115B88DF40071B597 /* comeon.wav in Resources */,
				52A4D04315E2BB9B00EC3C54 /* Slide1.png in Resources */,
				52A4D04415E2BB9B00EC3C54 /* Slide2.png in Resources */,
				52A4D04515E2BB9B00EC3C54 /* Slide3.png in Resources */,
				52A2410315F64FD900DE7B12 /* TOHelpController.xib in Resources */,
			);
			runOnlyForDeploymentPostprocessing = 0;
		};
/* End PBXResourcesBuildPhase section */

/* Begin PBXShellScriptBuildPhase section */
		521E9CC315ABC45500F65D39 /* Increment Build Number */ = {
			isa = PBXShellScriptBuildPhase;
			buildActionMask = 8;
			files = (
			);
			inputPaths = (
			);
			name = "Increment Build Number";
			outputPaths = (
			);
			runOnlyForDeploymentPostprocessing = 1;
			shellPath = /bin/zsh;
			shellScript = "build_number=`/usr/libexec/PlistBuddy -c \"Print CFBundleVersion\" Resources/Info.plist`\nbuild_number=$(($build_number + 1))\n/usr/libexec/PlistBuddy -c \"Set :CFBundleVersion $build_number\" Resources/Info.plist";
		};
/* End PBXShellScriptBuildPhase section */

/* Begin PBXSourcesBuildPhase section */
		52C4206F15A2830F00D70783 /* Sources */ = {
			isa = PBXSourcesBuildPhase;
			buildActionMask = 2147483647;
			files = (
				52C4209A15A2847B00D70783 /* main.m in Sources */,
				52C4209B15A2847B00D70783 /* TOAppDelegate.m in Sources */,
				5208DB7615A77F3B00052CB3 /* TOSetupController.m in Sources */,
				5208DB7C15A77F8D00052CB3 /* TOMainController.m in Sources */,
				529914F815A78A010035B896 /* TOAgePickerView.m in Sources */,
				5299150015A7A7690035B896 /* TOSlideManager.m in Sources */,
				5299150315A7A9980035B896 /* TOSlide.m in Sources */,
				5299152815A7BEB80035B896 /* AVAudioPlayer+PGFade.m in Sources */,
				52BF99BD15AB4EC600BC512B /* UIColor+Additions.m in Sources */,
				524EA32E15AB6F6B00FCCCB1 /* GradientButton.m in Sources */,
				5236BAC415B0905800FC6985 /* NSArray+TOAdditions.m in Sources */,
				52A4D03D15E2B67700EC3C54 /* TOHelpController.m in Sources */,
			);
			runOnlyForDeploymentPostprocessing = 0;
		};
/* End PBXSourcesBuildPhase section */

/* Begin XCBuildConfiguration section */
		52C4208E15A2830F00D70783 /* Debug */ = {
			isa = XCBuildConfiguration;
			buildSettings = {
				ALWAYS_SEARCH_USER_PATHS = NO;
				ARCHS = "$(ARCHS_STANDARD_32_BIT)";
				CLANG_ENABLE_OBJC_ARC = YES;
				CODE_SIGN_IDENTITY = "iPhone Developer: Dan Rye (YUR8Q79HML)";
				"CODE_SIGN_IDENTITY[sdk=iphoneos*]" = "iPhone Developer: Dan Rye (YUR8Q79HML)";
				COPY_PHASE_STRIP = NO;
				GCC_C_LANGUAGE_STANDARD = gnu99;
				GCC_DYNAMIC_NO_PIC = NO;
				GCC_OPTIMIZATION_LEVEL = 0;
				GCC_PREPROCESSOR_DEFINITIONS = (
					"DEBUG=1",
					"$(inherited)",
				);
				GCC_SYMBOLS_PRIVATE_EXTERN = NO;
				GCC_VERSION = com.apple.compilers.llvm.clang.1_0;
				GCC_WARN_ABOUT_RETURN_TYPE = YES;
				GCC_WARN_UNINITIALIZED_AUTOS = YES;
				GCC_WARN_UNUSED_VARIABLE = YES;
				IPHONEOS_DEPLOYMENT_TARGET = 5.1;
				PROVISIONING_PROFILE = "5F6CC9AD-93B1-42AE-8990-B30D6EC7E0B4";
				"PROVISIONING_PROFILE[sdk=iphoneos*]" = "5F6CC9AD-93B1-42AE-8990-B30D6EC7E0B4";
				SDKROOT = iphoneos;
				TARGETED_DEVICE_FAMILY = "1,2";
			};
			name = Debug;
		};
		52C4208F15A2830F00D70783 /* Release */ = {
			isa = XCBuildConfiguration;
			buildSettings = {
				ALWAYS_SEARCH_USER_PATHS = NO;
				ARCHS = "$(ARCHS_STANDARD_32_BIT)";
				CLANG_ENABLE_OBJC_ARC = YES;
				CODE_SIGN_IDENTITY = "iPhone Distribution: How2Connect.com, inc";
				"CODE_SIGN_IDENTITY[sdk=iphoneos*]" = "iPhone Distribution: How2Connect.com, inc";
				COPY_PHASE_STRIP = YES;
				GCC_C_LANGUAGE_STANDARD = gnu99;
				GCC_VERSION = com.apple.compilers.llvm.clang.1_0;
				GCC_WARN_ABOUT_RETURN_TYPE = YES;
				GCC_WARN_UNINITIALIZED_AUTOS = YES;
				GCC_WARN_UNUSED_VARIABLE = YES;
				IPHONEOS_DEPLOYMENT_TARGET = 5.1;
				OTHER_CFLAGS = "-DNS_BLOCK_ASSERTIONS=1";
				PROVISIONING_PROFILE = "8BE36B77-2141-439A-9732-1B7581E78671";
				"PROVISIONING_PROFILE[sdk=iphoneos*]" = "8BE36B77-2141-439A-9732-1B7581E78671";
				SDKROOT = iphoneos;
				TARGETED_DEVICE_FAMILY = "1,2";
				VALIDATE_PRODUCT = YES;
			};
			name = Release;
		};
		52C4209115A2830F00D70783 /* Debug */ = {
			isa = XCBuildConfiguration;
			buildSettings = {
				"CODE_SIGN_IDENTITY[sdk=iphoneos*]" = "iPhone Developer: Dan Rye (YUR8Q79HML)";
				GCC_PRECOMPILE_PREFIX_HEADER = YES;
				GCC_PREFIX_HEADER = "Code/Main/TimeOutBuddy-Prefix.pch";
				GCC_VERSION = "";
				INFOPLIST_FILE = Resources/Info.plist;
				IPHONEOS_DEPLOYMENT_TARGET = 5.0;
				LIBRARY_SEARCH_PATHS = (
					"$(inherited)",
					"\"$(SRCROOT)/Vendor/A2DynamicDelegate\"",
				);
				OTHER_LDFLAGS = (
					"-ObjC",
					"-all_load",
				);
				PRODUCT_NAME = "$(TARGET_NAME)";
				"PROVISIONING_PROFILE[sdk=iphoneos*]" = "5F6CC9AD-93B1-42AE-8990-B30D6EC7E0B4";
				RUN_CLANG_STATIC_ANALYZER = YES;
				TARGETED_DEVICE_FAMILY = "1,2";
				WRAPPER_EXTENSION = app;
			};
			name = Debug;
		};
		52C4209215A2830F00D70783 /* Release */ = {
			isa = XCBuildConfiguration;
			buildSettings = {
				"CODE_SIGN_IDENTITY[sdk=iphoneos*]" = "iPhone Distribution: How2Connect.com, inc";
				GCC_PRECOMPILE_PREFIX_HEADER = YES;
				GCC_PREFIX_HEADER = "Code/Main/TimeOutBuddy-Prefix.pch";
				GCC_VERSION = "";
				INFOPLIST_FILE = Resources/Info.plist;
				IPHONEOS_DEPLOYMENT_TARGET = 5.0;
				LIBRARY_SEARCH_PATHS = (
					"$(inherited)",
					"\"$(SRCROOT)/Vendor/A2DynamicDelegate\"",
				);
				OTHER_LDFLAGS = (
					"-ObjC",
					"-all_load",
				);
				PRODUCT_NAME = "$(TARGET_NAME)";
				"PROVISIONING_PROFILE[sdk=iphoneos*]" = "8BE36B77-2141-439A-9732-1B7581E78671";
				RUN_CLANG_STATIC_ANALYZER = YES;
				TARGETED_DEVICE_FAMILY = "1,2";
				WRAPPER_EXTENSION = app;
			};
			name = Release;
		};
/* End XCBuildConfiguration section */

/* Begin XCConfigurationList section */
		52C4206D15A2830F00D70783 /* Build configuration list for PBXProject "TimeOutBuddy" */ = {
			isa = XCConfigurationList;
			buildConfigurations = (
				52C4208E15A2830F00D70783 /* Debug */,
				52C4208F15A2830F00D70783 /* Release */,
			);
			defaultConfigurationIsVisible = 0;
			defaultConfigurationName = Release;
		};
		52C4209015A2830F00D70783 /* Build configuration list for PBXNativeTarget "TimeOutBuddy" */ = {
			isa = XCConfigurationList;
			buildConfigurations = (
				52C4209115A2830F00D70783 /* Debug */,
				52C4209215A2830F00D70783 /* Release */,
			);
			defaultConfigurationIsVisible = 0;
			defaultConfigurationName = Release;
		};
/* End XCConfigurationList section */

/* Begin XCVersionGroup section */
		52C4209D15A2848C00D70783 /* TimeOutBuddy.xcdatamodeld */ = {
			isa = XCVersionGroup;
			children = (
				52C4209E15A2848C00D70783 /* TimeOutBuddy.xcdatamodel */,
			);
			currentVersion = 52C4209E15A2848C00D70783 /* TimeOutBuddy.xcdatamodel */;
			path = TimeOutBuddy.xcdatamodeld;
			sourceTree = "<group>";
			versionGroupType = wrapper.xcdatamodel;
		};
/* End XCVersionGroup section */
	};
	rootObject = 52C4206A15A2830F00D70783 /* Project object */;
}
